
Microsoft Visual Studio Solution File, Format Version 12.00
# Visual Studio 15
VisualStudioVersion = 15.0.28307.489
MinimumVisualStudioVersion = 10.0.40219.1
Project("{FAE04EC0-301F-11D3-BF4B-00C04F79EFBC}") = "CoffeeApp.Android", "CoffeeApp\CoffeeApp.Android\CoffeeApp.Android.csproj", "{44F01540-1CEA-4A5E-AD97-134EAFB0C606}"
EndProject
Project("{FAE04EC0-301F-11D3-BF4B-00C04F79EFBC}") = "CoffeeApp.iOS", "CoffeeApp\CoffeeApp.iOS\CoffeeApp.iOS.csproj", "{75FD72B1-666F-41C8-B5AC-6007B2700484}"
EndProject
Project("{9A19103F-16F7-4668-BE54-9A1E7A4F7556}") = "CoffeeApp", "CoffeeApp\CoffeeApp\CoffeeApp.csproj", "{891CD7CB-5222-447F-B8B2-4B51C32784CA}"
EndProject
Global
	GlobalSection(SolutionConfigurationPlatforms) = preSolution
		Ad-Hoc|Any CPU = Ad-Hoc|Any CPU
		Ad-Hoc|iPhone = Ad-Hoc|iPhone
		Ad-Hoc|iPhoneSimulator = Ad-Hoc|iPhoneSimulator
		AppStore|Any CPU = AppStore|Any CPU
		AppStore|iPhone = AppStore|iPhone
		AppStore|iPhoneSimulator = AppStore|iPhoneSimulator
		Debug|Any CPU = Debug|Any CPU
		Debug|iPhone = Debug|iPhone
		Debug|iPhoneSimulator = Debug|iPhoneSimulator
		Release|Any CPU = Release|Any CPU
		Release|iPhone = Release|iPhone
		Release|iPhoneSimulator = Release|iPhoneSimulator
	EndGlobalSection
	GlobalSection(ProjectConfigurationPlatforms) = postSolution
		{44F01540-1CEA-4A5E-AD97-134EAFB0C606}.Ad-Hoc|Any CPU.ActiveCfg = Release|Any CPU
		{44F01540-1CEA-4A5E-AD97-134EAFB0C606}.Ad-Hoc|Any CPU.Build.0 = Release|Any CPU
		{44F01540-1CEA-4A5E-AD97-134EAFB0C606}.Ad-Hoc|Any CPU.Deploy.0 = Release|Any CPU
		{44F01540-1CEA-4A5E-AD97-134EAFB0C606}.Ad-Hoc|iPhone.ActiveCfg = Release|Any CPU
		{44F01540-1CEA-4A5E-AD97-134EAFB0C606}.Ad-Hoc|iPhone.Build.0 = Release|Any CPU
		{44F01540-1CEA-4A5E-AD97-134EAFB0C606}.Ad-Hoc|iPhone.Deploy.0 = Release|Any CPU
		{44F01540-1CEA-4A5E-AD97-134EAFB0C606}.Ad-Hoc|iPhoneSimulator.ActiveCfg = Release|Any CPU
		{44F01540-1CEA-4A5E-AD97-134EAFB0C606}.Ad-Hoc|iPhoneSimulator.Build.0 = Release|Any CPU
		{44F01540-1CEA-4A5E-AD97-134EAFB0C606}.Ad-Hoc|iPhoneSimulator.Deploy.0 = Release|Any CPU
		{44F01540-1CEA-4A5E-AD97-134EAFB0C606}.AppStore|Any CPU.ActiveCfg = Release|Any CPU
		{44F01540-1CEA-4A5E-AD97-134EAFB0C606}.AppStore|Any CPU.Build.0 = Release|Any CPU
		{44F01540-1CEA-4A5E-AD97-134EAFB0C606}.AppStore|Any CPU.Deploy.0 = Release|Any CPU
		{44F01540-1CEA-4A5E-AD97-134EAFB0C606}.AppStore|iPhone.ActiveCfg = Release|Any CPU
		{44F01540-1CEA-4A5E-AD97-134EAFB0C606}.AppStore|iPhone.Build.0 = Release|Any CPU
		{44F01540-1CEA-4A5E-AD97-134EAFB0C606}.AppStore|iPhone.Deploy.0 = Release|Any CPU
		{44F01540-1CEA-4A5E-AD97-134EAFB0C606}.AppStore|iPhoneSimulator.ActiveCfg = Release|Any CPU
		{44F01540-1CEA-4A5E-AD97-134EAFB0C606}.AppStore|iPhoneSimulator.Build.0 = Release|Any CPU
		{44F01540-1CEA-4A5E-AD97-134EAFB0C606}.AppStore|iPhoneSimulator.Deploy.0 = Release|Any CPU
		{44F01540-1CEA-4A5E-AD97-134EAFB0C606}.Debug|Any CPU.ActiveCfg = Debug|Any CPU
		{44F01540-1CEA-4A5E-AD97-134EAFB0C606}.Debug|Any CPU.Build.0 = Debug|Any CPU
		{44F01540-1CEA-4A5E-AD97-134EAFB0C606}.Debug|Any CPU.Deploy.0 = Debug|Any CPU
		{44F01540-1CEA-4A5E-AD97-134EAFB0C606}.Debug|iPhone.ActiveCfg = Debug|Any CPU
		{44F01540-1CEA-4A5E-AD97-134EAFB0C606}.Debug|iPhone.Build.0 = Debug|Any CPU
		{44F01540-1CEA-4A5E-AD97-134EAFB0C606}.Debug|iPhone.Deploy.0 = Debug|Any CPU
		{44F01540-1CEA-4A5E-AD97-134EAFB0C606}.Debug|iPhoneSimulator.ActiveCfg = Debug|Any CPU
		{44F01540-1CEA-4A5E-AD97-134EAFB0C606}.Debug|iPhoneSimulator.Build.0 = Debug|Any CPU
		{44F01540-1CEA-4A5E-AD97-134EAFB0C606}.Debug|iPhoneSimulator.Deploy.0 = Debug|Any CPU
		{44F01540-1CEA-4A5E-AD97-134EAFB0C606}.Release|Any CPU.ActiveCfg = Release|Any CPU
		{44F01540-1CEA-4A5E-AD97-134EAFB0C606}.Release|Any CPU.Build.0 = Release|Any CPU
		{44F01540-1CEA-4A5E-AD97-134EAFB0C606}.Release|Any CPU.Deploy.0 = Release|Any CPU
		{44F01540-1CEA-4A5E-AD97-134EAFB0C606}.Release|iPhone.ActiveCfg = Release|Any CPU
		{44F01540-1CEA-4A5E-AD97-134EAFB0C606}.Release|iPhone.Build.0 = Release|Any CPU
		{44F01540-1CEA-4A5E-AD97-134EAFB0C606}.Release|iPhone.Deploy.0 = Release|Any CPU
		{44F01540-1CEA-4A5E-AD97-134EAFB0C606}.Release|iPhoneSimulator.ActiveCfg = Release|Any CPU
		{44F01540-1CEA-4A5E-AD97-134EAFB0C606}.Release|iPhoneSimulator.Build.0 = Release|Any CPU
		{44F01540-1CEA-4A5E-AD97-134EAFB0C606}.Release|iPhoneSimulator.Deploy.0 = Release|Any CPU
		{75FD72B1-666F-41C8-B5AC-6007B2700484}.Ad-Hoc|Any CPU.ActiveCfg = Ad-Hoc|iPhone
		{75FD72B1-666F-41C8-B5AC-6007B2700484}.Ad-Hoc|Any CPU.Build.0 = Ad-Hoc|iPhone
		{75FD72B1-666F-41C8-B5AC-6007B2700484}.Ad-Hoc|Any CPU.Deploy.0 = Ad-Hoc|iPhone
		{75FD72B1-666F-41C8-B5AC-6007B2700484}.Ad-Hoc|iPhone.ActiveCfg = Ad-Hoc|iPhone
		{75FD72B1-666F-41C8-B5AC-6007B2700484}.Ad-Hoc|iPhone.Build.0 = Ad-Hoc|iPhone
		{75FD72B1-666F-41C8-B5AC-6007B2700484}.Ad-Hoc|iPhone.Deploy.0 = Ad-Hoc|iPhone
		{75FD72B1-666F-41C8-B5AC-6007B2700484}.Ad-Hoc|iPhoneSimulator.ActiveCfg = Ad-Hoc|iPhoneSimulator
		{75FD72B1-666F-41C8-B5AC-6007B2700484}.Ad-Hoc|iPhoneSimulator.Build.0 = Ad-Hoc|iPhoneSimulator
		{75FD72B1-666F-41C8-B5AC-6007B2700484}.Ad-Hoc|iPhoneSimulator.Deploy.0 = Ad-Hoc|iPhoneSimulator
		{75FD72B1-666F-41C8-B5AC-6007B2700484}.AppStore|Any CPU.ActiveCfg = AppStore|iPhone
		{75FD72B1-666F-41C8-B5AC-6007B2700484}.AppStore|Any CPU.Build.0 = AppStore|iPhone
		{75FD72B1-666F-41C8-B5AC-6007B2700484}.AppStore|Any CPU.Deploy.0 = AppStore|iPhone
		{75FD72B1-666F-41C8-B5AC-6007B2700484}.AppStore|iPhone.ActiveCfg = AppStore|iPhone
		{75FD72B1-666F-41C8-B5AC-6007B2700484}.AppStore|iPhone.Build.0 = AppStore|iPhone
		{75FD72B1-666F-41C8-B5AC-6007B2700484}.AppStore|iPhone.Deploy.0 = AppStore|iPhone
		{75FD72B1-666F-41C8-B5AC-6007B2700484}.AppStore|iPhoneSimulator.ActiveCfg = AppStore|iPhoneSimulator
		{75FD72B1-666F-41C8-B5AC-6007B2700484}.AppStore|iPhoneSimulator.Build.0 = AppStore|iPhoneSimulator
		{75FD72B1-666F-41C8-B5AC-6007B2700484}.AppStore|iPhoneSimulator.Deploy.0 = AppStore|iPhoneSimulator
		{75FD72B1-666F-41C8-B5AC-6007B2700484}.Debug|Any CPU.ActiveCfg = Debug|iPhoneSimulator
		{75FD72B1-666F-41C8-B5AC-6007B2700484}.Debug|Any CPU.Build.0 = Debug|iPhoneSimulator
		{75FD72B1-666F-41C8-B5AC-6007B2700484}.Debug|Any CPU.Deploy.0 = Debug|iPhoneSimulator
		{75FD72B1-666F-41C8-B5AC-6007B2700484}.Debug|iPhone.ActiveCfg = Debug|iPhone
		{75FD72B1-666F-41C8-B5AC-6007B2700484}.Debug|iPhone.Build.0 = Debug|iPhone
		{75FD72B1-666F-41C8-B5AC-6007B2700484}.Debug|iPhone.Deploy.0 = Debug|iPhone
		{75FD72B1-666F-41C8-B5AC-6007B2700484}.Debug|iPhoneSimulator.ActiveCfg = Debug|iPhoneSimulator
		{75FD72B1-666F-41C8-B5AC-6007B2700484}.Debug|iPhoneSimulator.Build.0 = Debug|iPhoneSimulator
		{75FD72B1-666F-41C8-B5AC-6007B2700484}.Debug|iPhoneSimulator.Deploy.0 = Debug|iPhoneSimulator
		{75FD72B1-666F-41C8-B5AC-6007B2700484}.Release|Any CPU.ActiveCfg = Release|iPhone
		{75FD72B1-666F-41C8-B5AC-6007B2700484}.Release|Any CPU.Build.0 = Release|iPhone
		{75FD72B1-666F-41C8-B5AC-6007B2700484}.Release|Any CPU.Deploy.0 = Release|iPhone
		{75FD72B1-666F-41C8-B5AC-6007B2700484}.Release|iPhone.ActiveCfg = Release|iPhone
		{75FD72B1-666F-41C8-B5AC-6007B2700484}.Release|iPhone.Build.0 = Release|iPhone
		{75FD72B1-666F-41C8-B5AC-6007B2700484}.Release|iPhone.Deploy.0 = Release|iPhone
		{75FD72B1-666F-41C8-B5AC-6007B2700484}.Release|iPhoneSimulator.ActiveCfg = Release|iPhoneSimulator
		{75FD72B1-666F-41C8-B5AC-6007B2700484}.Release|iPhoneSimulator.Build.0 = Release|iPhoneSimulator
		{75FD72B1-666F-41C8-B5AC-6007B2700484}.Release|iPhoneSimulator.Deploy.0 = Release|iPhoneSimulator
		{891CD7CB-5222-447F-B8B2-4B51C32784CA}.Ad-Hoc|Any CPU.ActiveCfg = Debug|Any CPU
		{891CD7CB-5222-447F-B8B2-4B51C32784CA}.Ad-Hoc|Any CPU.Build.0 = Debug|Any CPU
		{891CD7CB-5222-447F-B8B2-4B51C32784CA}.Ad-Hoc|Any CPU.Deploy.0 = Debug|Any CPU
		{891CD7CB-5222-447F-B8B2-4B51C32784CA}.Ad-Hoc|iPhone.ActiveCfg = Debug|Any CPU
		{891CD7CB-5222-447F-B8B2-4B51C32784CA}.Ad-Hoc|iPhone.Build.0 = Debug|Any CPU
		{891CD7CB-5222-447F-B8B2-4B51C32784CA}.Ad-Hoc|iPhone.Deploy.0 = Debug|Any CPU
		{891CD7CB-5222-447F-B8B2-4B51C32784CA}.Ad-Hoc|iPhoneSimulator.ActiveCfg = Debug|Any CPU
		{891CD7CB-5222-447F-B8B2-4B51C32784CA}.Ad-Hoc|iPhoneSimulator.Build.0 = Debug|Any CPU
		{891CD7CB-5222-447F-B8B2-4B51C32784CA}.Ad-Hoc|iPhoneSimulator.Deploy.0 = Debug|Any CPU
		{891CD7CB-5222-447F-B8B2-4B51C32784CA}.AppStore|Any CPU.ActiveCfg = Debug|Any CPU
		{891CD7CB-5222-447F-B8B2-4B51C32784CA}.AppStore|Any CPU.Build.0 = Debug|Any CPU
		{891CD7CB-5222-447F-B8B2-4B51C32784CA}.AppStore|Any CPU.Deploy.0 = Debug|Any CPU
		{891CD7CB-5222-447F-B8B2-4B51C32784CA}.AppStore|iPhone.ActiveCfg = Debug|Any CPU
		{891CD7CB-5222-447F-B8B2-4B51C32784CA}.AppStore|iPhone.Build.0 = Debug|Any CPU
		{891CD7CB-5222-447F-B8B2-4B51C32784CA}.AppStore|iPhone.Deploy.0 = Debug|Any CPU
		{891CD7CB-5222-447F-B8B2-4B51C32784CA}.AppStore|iPhoneSimulator.ActiveCfg = Debug|Any CPU
		{891CD7CB-5222-447F-B8B2-4B51C32784CA}.AppStore|iPhoneSimulator.Build.0 = Debug|Any CPU
		{891CD7CB-5222-447F-B8B2-4B51C32784CA}.AppStore|iPhoneSimulator.Deploy.0 = Debug|Any CPU
		{891CD7CB-5222-447F-B8B2-4B51C32784CA}.Debug|Any CPU.ActiveCfg = Debug|Any CPU
		{891CD7CB-5222-447F-B8B2-4B51C32784CA}.Debug|Any CPU.Build.0 = Debug|Any CPU
		{891CD7CB-5222-447F-B8B2-4B51C32784CA}.Debug|Any CPU.Deploy.0 = Debug|Any CPU
		{891CD7CB-5222-447F-B8B2-4B51C32784CA}.Debug|iPhone.ActiveCfg = Debug|Any CPU
		{891CD7CB-5222-447F-B8B2-4B51C32784CA}.Debug|iPhone.Build.0 = Debug|Any CPU
		{891CD7CB-5222-447F-B8B2-4B51C32784CA}.Debug|iPhone.Deploy.0 = Debug|Any CPU
		{891CD7CB-5222-447F-B8B2-4B51C32784CA}.Debug|iPhoneSimulator.ActiveCfg = Debug|Any CPU
		{891CD7CB-5222-447F-B8B2-4B51C32784CA}.Debug|iPhoneSimulator.Build.0 = Debug|Any CPU
		{891CD7CB-5222-447F-B8B2-4B51C32784CA}.Debug|iPhoneSimulator.Deploy.0 = Debug|Any CPU
		{891CD7CB-5222-447F-B8B2-4B51C32784CA}.Release|Any CPU.ActiveCfg = Release|Any CPU
		{891CD7CB-5222-447F-B8B2-4B51C32784CA}.Release|Any CPU.Build.0 = Release|Any CPU
		{891CD7CB-5222-447F-B8B2-4B51C32784CA}.Release|Any CPU.Deploy.0 = Release|Any CPU
		{891CD7CB-5222-447F-B8B2-4B51C32784CA}.Release|iPhone.ActiveCfg = Release|Any CPU
		{891CD7CB-5222-447F-B8B2-4B51C32784CA}.Release|iPhone.Build.0 = Release|Any CPU
		{891CD7CB-5222-447F-B8B2-4B51C32784CA}.Release|iPhone.Deploy.0 = Release|Any CPU
		{891CD7CB-5222-447F-B8B2-4B51C32784CA}.Release|iPhoneSimulator.ActiveCfg = Release|Any CPU
		{891CD7CB-5222-447F-B8B2-4B51C32784CA}.Release|iPhoneSimulator.Build.0 = Release|Any CPU
		{891CD7CB-5222-447F-B8B2-4B51C32784CA}.Release|iPhoneSimulator.Deploy.0 = Release|Any CPU
	EndGlobalSection
	GlobalSection(SolutionProperties) = preSolution
		HideSolutionNode = FALSE
	EndGlobalSection
	GlobalSection(ExtensibilityGlobals) = postSolution
		SolutionGuid = {3C5A2B08-C49B-4A20-BCEE-815D4721DE14}
	EndGlobalSection
EndGlobal
